
Microsoft Visual Studio Solution File, Format Version 12.00
# Visual Studio 15
VisualStudioVersion = 15.0.28307.168
MinimumVisualStudioVersion = 10.0.40219.1
Project("{FAE04EC0-301F-11D3-BF4B-00C04F79EFBC}") = "UpdateJSONdatawithNEWURL", "UpdateJSONdatawithNEWURL\UpdateJSONdatawithNEWURL.csproj", "{0BAB4268-154C-4843-AEAF-510ABA0D2B81}"
EndProject
Global
	GlobalSection(SolutionConfigurationPlatforms) = preSolution
		Debug|Any CPU = Debug|Any CPU
		Release|Any CPU = Release|Any CPU
	EndGlobalSection
	GlobalSection(ProjectConfigurationPlatforms) = postSolution
		{0BAB4268-154C-4843-AEAF-510ABA0D2B81}.Debug|Any CPU.ActiveCfg = Debug|Any CPU
		{0BAB4268-154C-4843-AEAF-510ABA0D2B81}.Debug|Any CPU.Build.0 = Debug|Any CPU
		{0BAB4268-154C-4843-AEAF-510ABA0D2B81}.Release|Any CPU.ActiveCfg = Release|Any CPU
		{0BAB4268-154C-4843-AEAF-510ABA0D2B81}.Release|Any CPU.Build.0 = Release|Any CPU
	EndGlobalSection
	GlobalSection(SolutionProperties) = preSolution
		HideSolutionNode = FALSE
	EndGlobalSection
	GlobalSection(ExtensibilityGlobals) = postSolution
		SolutionGuid = {C0466B7A-A46A-4191-835D-F6A0F25A187C}
	EndGlobalSection
EndGlobal
